Microsoft Visual Studio Solution File, Format Version 12.00
# Visual Studio Version 17
VisualStudioVersion = 17.5.2.0
MinimumVisualStudioVersion = 10.0.40219.1
Project("{2150E333-8FDC-42A3-9474-1A3956D46DE8}") = "1. baekjoon", "1. baekjoon", "{366B0ED1-AF2C-9BCE-32E3-E016AE3C6BB6}"
EndProject
Project("{2150E333-8FDC-42A3-9474-1A3956D46DE8}") = "BOJ(C#)", "BOJ(C#)", "{56B6CF11-7A8C-A88B-1F04-5A8BAEA2BE63}"
EndProject
Project("{FAE04EC0-301F-11D3-BF4B-00C04F79EFBC}") = "P1000", "1. baekjoon\BOJ(C#)\P1000\P1000.csproj", "{1058B660-2A60-8932-F2C4-F96791C5776F}"
EndProject
Project("{FAE04EC0-301F-11D3-BF4B-00C04F79EFBC}") = "P1001", "1. baekjoon\BOJ(C#)\P1001\P1001.csproj", "{ED810112-BFAE-0F9A-4E56-6087132824FE}"
EndProject
Global
	GlobalSection(SolutionConfigurationPlatforms) = preSolution
		Debug|Any CPU = Debug|Any CPU
		Release|Any CPU = Release|Any CPU
	EndGlobalSection
	GlobalSection(ProjectConfigurationPlatforms) = postSolution
		{1058B660-2A60-8932-F2C4-F96791C5776F}.Debug|Any CPU.ActiveCfg = Debug|Any CPU
		{1058B660-2A60-8932-F2C4-F96791C5776F}.Debug|Any CPU.Build.0 = Debug|Any CPU
		{1058B660-2A60-8932-F2C4-F96791C5776F}.Release|Any CPU.ActiveCfg = Release|Any CPU
		{1058B660-2A60-8932-F2C4-F96791C5776F}.Release|Any CPU.Build.0 = Release|Any CPU
		{ED810112-BFAE-0F9A-4E56-6087132824FE}.Debug|Any CPU.ActiveCfg = Debug|Any CPU
		{ED810112-BFAE-0F9A-4E56-6087132824FE}.Debug|Any CPU.Build.0 = Debug|Any CPU
		{ED810112-BFAE-0F9A-4E56-6087132824FE}.Release|Any CPU.ActiveCfg = Release|Any CPU
		{ED810112-BFAE-0F9A-4E56-6087132824FE}.Release|Any CPU.Build.0 = Release|Any CPU
	EndGlobalSection
	GlobalSection(SolutionProperties) = preSolution
		HideSolutionNode = FALSE
	EndGlobalSection
	GlobalSection(NestedProjects) = preSolution
		{56B6CF11-7A8C-A88B-1F04-5A8BAEA2BE63} = {366B0ED1-AF2C-9BCE-32E3-E016AE3C6BB6}
		{1058B660-2A60-8932-F2C4-F96791C5776F} = {56B6CF11-7A8C-A88B-1F04-5A8BAEA2BE63}
		{ED810112-BFAE-0F9A-4E56-6087132824FE} = {56B6CF11-7A8C-A88B-1F04-5A8BAEA2BE63}
	EndGlobalSection
	GlobalSection(ExtensibilityGlobals) = postSolution
		SolutionGuid = {ED9D7B7E-1FED-418E-8EF4-68B18DF01894}
	EndGlobalSection
EndGlobal
